
Microsoft Visual Studio Solution File, Format Version 12.00
# Visual Studio Version 17
VisualStudioVersion = 17.8.34309.116
MinimumVisualStudioVersion = 10.0.40219.1
Project("{FAE04EC0-301F-11D3-BF4B-00C04F79EFBC}") = "gittest", "gittest.csproj", "{B7D749BF-6FF8-4CF5-BD20-944A55321C82}"
EndProject
Global
	GlobalSection(SolutionConfigurationPlatforms) = preSolution
		Debug|Any CPU = Debug|Any CPU
		Release|Any CPU = Release|Any CPU
	EndGlobalSection
	GlobalSection(ProjectConfigurationPlatforms) = postSolution
		{B7D749BF-6FF8-4CF5-BD20-944A55321C82}.Debug|Any CPU.ActiveCfg = Debug|Any CPU
		{B7D749BF-6FF8-4CF5-BD20-944A55321C82}.Debug|Any CPU.Build.0 = Debug|Any CPU
		{B7D749BF-6FF8-4CF5-BD20-944A55321C82}.Release|Any CPU.ActiveCfg = Release|Any CPU
		{B7D749BF-6FF8-4CF5-BD20-944A55321C82}.Release|Any CPU.Build.0 = Release|Any CPU
	EndGlobalSection
	GlobalSection(SolutionProperties) = preSolution
		HideSolutionNode = FALSE
	EndGlobalSection
	GlobalSection(ExtensibilityGlobals) = postSolution
		SolutionGuid = {C80B43A0-7A6B-4F18-BAEE-56F04A870E32}
	EndGlobalSection
EndGlobal
